
Microsoft Visual Studio Solution File, Format Version 12.00
# Visual Studio 15
VisualStudioVersion = 15.0.27130.2020
MinimumVisualStudioVersion = 10.0.40219.1
Project("{FAE04EC0-301F-11D3-BF4B-00C04F79EFBC}") = "PushMessage", "PushMessage\PushMessage.csproj", "{83ABFCBB-705C-409F-9B74-00CEE802FF50}"
EndProject
Global
	GlobalSection(SolutionConfigurationPlatforms) = preSolution
		Debug|Any CPU = Debug|Any CPU
		Release|Any CPU = Release|Any CPU
	EndGlobalSection
	GlobalSection(ProjectConfigurationPlatforms) = postSolution
		{83ABFCBB-705C-409F-9B74-00CEE802FF50}.Debug|Any CPU.ActiveCfg = Debug|Any CPU
		{83ABFCBB-705C-409F-9B74-00CEE802FF50}.Debug|Any CPU.Build.0 = Debug|Any CPU
		{83ABFCBB-705C-409F-9B74-00CEE802FF50}.Debug|Any CPU.Deploy.0 = Debug|Any CPU
		{83ABFCBB-705C-409F-9B74-00CEE802FF50}.Release|Any CPU.ActiveCfg = Release|Any CPU
		{83ABFCBB-705C-409F-9B74-00CEE802FF50}.Release|Any CPU.Build.0 = Release|Any CPU
		{83ABFCBB-705C-409F-9B74-00CEE802FF50}.Release|Any CPU.Deploy.0 = Release|Any CPU
	EndGlobalSection
	GlobalSection(SolutionProperties) = preSolution
		HideSolutionNode = FALSE
	EndGlobalSection
	GlobalSection(ExtensibilityGlobals) = postSolution
		SolutionGuid = {CE4460EA-91B9-493C-A6A5-B55B7046571D}
	EndGlobalSection
EndGlobal
